github.com/agnostic-t/neutrino-core v0.0.0-20260527171504-f517b40a5d18 h1:sSaKAYGmOVCgn/Va83sARjwxe6RGqRRzbhVbe7MO2u8=
github.com/agnostic-t/neutrino-core v0.0.0-20260527171504-f517b40a5d18/go.mod h1:UCnSsC7UhoTc7Vs+6eQprEsFqTIcCA+2lVk2ti+tXnc=
github.com/agnostic-t/neutrino-lproxies v0.0.0-20260527151951-66dce49712c8 h1:x1LkIWamnCOkEhEsi0U6UopV4Iffb5I2oyXDkfgx7Vs=
github.com/agnostic-t/neutrino-lproxies v0.0.0-20260527151951-66dce49712c8/go.mod h1:k3pNvAyUd4OlxxK7KuMMyxvVsOiIp2KXa/2krAUOctY=
github.com/agnostic-t/neutrino-obfs v0.0.0-20260527163634-6db777a5ae47 h1:GP0zB+YvkyQtgBYuKtEbujGwbaSrvp3jTRhVs9ZvO4w=
github.com/agnostic-t/neutrino-obfs v0.0.0-20260527163634-6db777a5ae47/go.mod h1:OuxDfOHuBg4g8xPEH2efz7vQu54v0msb3cpo3aKFu28=
github.com/agnostic-t/neutrino-transport v0.0.0-20260527165202-2eb436509aa7 h1:ybKgu0gCAvgYWPr2Y82SFRjMpzXdRXUHURlQkLJsbe4=
github.com/agnostic-t/neutrino-transport v0.0.0-20260527165202-2eb436509aa7/go.mod h1:8vOL/HDmTyriWXrH7FEQhcgcSSebPNWVXfCfqTVg1BQ=
